// !$*UTF8*$!
{
	archiveVersion = 1;
	classes = {
	};
	objectVersion = 54;
	objects = {

/* Begin PBXBuildFile section */
		584192B22911ABE3009EDE2A /* AppDelegate.swift in Sources */ = {isa = PBXBuildFile; fileRef = 584192B12911ABE3009EDE2A /* AppDelegate.swift */; };
		584192B62911ABE3009EDE2A /* NativeViewController.swift in Sources */ = {isa = PBXBuildFile; fileRef = 584192B52911ABE3009EDE2A /* NativeViewController.swift */; };
		584192B92911ABE3009EDE2A /* Main.storyboard in Resources */ = {isa = PBXBuildFile; fileRef = 584192B72911ABE3009EDE2A /* Main.storyboard */; };
		584192BB2911ABE5009EDE2A /* Assets.xcassets in Resources */ = {isa = PBXBuildFile; fileRef = 584192BA2911ABE5009EDE2A /* Assets.xcassets */; };
		584192BE2911ABE5009EDE2A /* LaunchScreen.storyboard in Resources */ = {isa = PBXBuildFile; fileRef = 584192BC2911ABE5009EDE2A /* LaunchScreen.storyboard */; };
		584192C62911AD9B009EDE2A /* ReactNativeViewController.swift in Sources */ = {isa = PBXBuildFile; fileRef = 584192C52911AD9B009EDE2A /* ReactNativeViewController.swift */; };
		F16E33D2B27270FCDA51FFDD /* libPods-AddReactNativeDemo.a in Frameworks */ = {isa = PBXBuildFile; fileRef = 8F467EA35882C058DE3DA019 /* libPods-AddReactNativeDemo.a */; };
/* End PBXBuildFile section */

/* Begin PBXFileReference section */
		47E778A502FDB22F6CA1FFEC /* Pods-AddReactNativeDemo.release.xcconfig */ = {isa = PBXFileReference; includeInIndex = 1; lastKnownFileType = text.xcconfig; name = "Pods-AddReactNativeDemo.release.xcconfig"; path = "Target Support Files/Pods-AddReactNativeDemo/Pods-AddReactNativeDemo.release.xcconfig"; sourceTree = "<group>"; };
		584192AE2911ABE3009EDE2A /* AddReactNativeDemo.app */ = {isa = PBXFileReference; explicitFileType = wrapper.application; includeInIndex = 0; path = AddReactNativeDemo.app; sourceTree = BUILT_PRODUCTS_DIR; };
		584192B12911ABE3009EDE2A /* AppDelegate.swift */ = {isa = PBXFileReference; lastKnownFileType = sourcecode.swift; path = AppDelegate.swift; sourceTree = "<group>"; };
		584192B52911ABE3009EDE2A /* NativeViewController.swift */ = {isa = PBXFileReference; lastKnownFileType = sourcecode.swift; path = NativeViewController.swift; sourceTree = "<group>"; };
		584192B82911ABE3009EDE2A /* Base */ = {isa = PBXFileReference; lastKnownFileType = file.storyboard; name = Base; path = Base.lproj/Main.storyboard; sourceTree = "<group>"; };
		584192BA2911ABE5009EDE2A /* Assets.xcassets */ = {isa = PBXFileReference; lastKnownFileType = folder.assetcatalog; path = Assets.xcassets; sourceTree = "<group>"; };
		584192BD2911ABE5009EDE2A /* Base */ = {isa = PBXFileReference; lastKnownFileType = file.storyboard; name = Base; path = Base.lproj/LaunchScreen.storyboard; sourceTree = "<group>"; };
		584192BF2911ABE5009EDE2A /* Info.plist */ = {isa = PBXFileReference; lastKnownFileType = text.plist.xml; path = Info.plist; sourceTree = "<group>"; };
		584192C52911AD9B009EDE2A /* ReactNativeViewController.swift */ = {isa = PBXFileReference; lastKnownFileType = sourcecode.swift; path = ReactNativeViewController.swift; sourceTree = "<group>"; };
		8F467EA35882C058DE3DA019 /* libPods-AddReactNativeDemo.a */ = {isa = PBXFileReference; explicitFileType = archive.ar; includeInIndex = 0; path = "libPods-AddReactNativeDemo.a"; sourceTree = BUILT_PRODUCTS_DIR; };
		CBDE56A87F5271166CA7DF20 /* Pods-AddReactNativeDemo.debug.xcconfig */ = {isa = PBXFileReference; includeInIndex = 1; lastKnownFileType = text.xcconfig; name = "Pods-AddReactNativeDemo.debug.xcconfig"; path = "Target Support Files/Pods-AddReactNativeDemo/Pods-AddReactNativeDemo.debug.xcconfig"; sourceTree = "<group>"; };
/* End PBXFileReference section */

/* Begin PBXFrameworksBuildPhase section */
		584192AB2911ABE3009EDE2A /* Frameworks */ = {
			isa = PBXFrameworksBuildPhase;
			buildActionMask = 2147483647;
			files = (
				F16E33D2B27270FCDA51FFDD /* libPods-AddReactNativeDemo.a in Frameworks */,
			);
			runOnlyForDeploymentPostprocessing = 0;
		};
/* End PBXFrameworksBuildPhase section */

/* Begin PBXGroup section */
		35F2B123561903F12166F1E7 /* Pods */ = {
			isa = PBXGroup;
			children = (
				CBDE56A87F5271166CA7DF20 /* Pods-AddReactNativeDemo.debug.xcconfig */,
				47E778A502FDB22F6CA1FFEC /* Pods-AddReactNativeDemo.release.xcconfig */,
			);
			path = Pods;
			sourceTree = "<group>";
		};
		3746F00DA424F54DD7521AD7 /* Frameworks */ = {
			isa = PBXGroup;
			children = (
				8F467EA35882C058DE3DA019 /* libPods-AddReactNativeDemo.a */,
			);
			name = Frameworks;
			sourceTree = "<group>";
		};
		584192A52911ABE3009EDE2A = {
			isa = PBXGroup;
			children = (
				584192B02911ABE3009EDE2A /* AddReactNativeDemo */,
				584192AF2911ABE3009EDE2A /* Products */,
				35F2B123561903F12166F1E7 /* Pods */,
				3746F00DA424F54DD7521AD7 /* Frameworks */,
			);
			sourceTree = "<group>";
		};
		584192AF2911ABE3009EDE2A /* Products */ = {
			isa = PBXGroup;
			children = (
				584192AE2911ABE3009EDE2A /* AddReactNativeDemo.app */,
			);
			name = Products;
			sourceTree = "<group>";
		};
		584192B02911ABE3009EDE2A /* AddReactNativeDemo */ = {
			isa = PBXGroup;
			children = (
				584192B12911ABE3009EDE2A /* AppDelegate.swift */,
				584192B52911ABE3009EDE2A /* NativeViewController.swift */,
				584192C52911AD9B009EDE2A /* ReactNativeViewController.swift */,
				584192B72911ABE3009EDE2A /* Main.storyboard */,
				584192BA2911ABE5009EDE2A /* Assets.xcassets */,
				584192BC2911ABE5009EDE2A /* LaunchScreen.storyboard */,
				584192BF2911ABE5009EDE2A /* Info.plist */,
			);
			path = AddReactNativeDemo;
			sourceTree = "<group>";
		};
/* End PBXGroup section */

/* Begin PBXNativeTarget section */
		584192AD2911ABE3009EDE2A /* AddReactNativeDemo */ = {
			isa = PBXNativeTarget;
			buildConfigurationList = 584192C22911ABE5009EDE2A /* Build configuration list for PBXNativeTarget "AddReactNativeDemo" */;
			buildPhases = (
				54CA57246CFCCF8E977A2BEB /* [CP] Check Pods Manifest.lock */,
				584192AA2911ABE3009EDE2A /* Sources */,
				584192AB2911ABE3009EDE2A /* Frameworks */,
				584192AC2911ABE3009EDE2A /* Resources */,
				1B9EA17916E94A4783E59B8C /* [CP] Embed Pods Frameworks */,
				B68C786BFD2ACA63B9B9B085 /* [CP] Copy Pods Resources */,
			);
			buildRules = (
			);
			dependencies = (
			);
			name = AddReactNativeDemo;
			productName = AddReactNativeDemo;
			productReference = 584192AE2911ABE3009EDE2A /* AddReactNativeDemo.app */;
			productType = "com.apple.product-type.application";
		};
/* End PBXNativeTarget section */

/* Begin PBXProject section */
		584192A62911ABE3009EDE2A /* Project object */ = {
			isa = PBXProject;
			attributes = {
				BuildIndependentTargetsInParallel = 1;
				LastSwiftUpdateCheck = 1400;
				LastUpgradeCheck = 1400;
				TargetAttributes = {
					584192AD2911ABE3009EDE2A = {
						CreatedOnToolsVersion = 14.0.1;
					};
				};
			};
			buildConfigurationList = 584192A92911ABE3009EDE2A /* Build configuration list for PBXProject "AddReactNativeDemo" */;
			compatibilityVersion = "Xcode 12.0";
			developmentRegion = en;
			hasScannedForEncodings = 0;
			knownRegions = (
				en,
				Base,
			);
			mainGroup = 584192A52911ABE3009EDE2A;
			productRefGroup = 584192AF2911ABE3009EDE2A /* Products */;
			projectDirPath = "";
			projectRoot = "";
			targets = (
				584192AD2911ABE3009EDE2A /* AddReactNativeDemo */,
			);
		};
/* End PBXProject section */

/* Begin PBXResourcesBuildPhase section */
		584192AC2911ABE3009EDE2A /* Resources */ = {
			isa = PBXResourcesBuildPhase;
			buildActionMask = 2147483647;
			files = (
				584192BE2911ABE5009EDE2A /* LaunchScreen.storyboard in Resources */,
				584192BB2911ABE5009EDE2A /* Assets.xcassets in Resources */,
				584192B92911ABE3009EDE2A /* Main.storyboard in Resources */,
			);
			runOnlyForDeploymentPostprocessing = 0;
		};
/* End PBXResourcesBuildPhase section */

/* Begin PBXShellScriptBuildPhase section */
		1B9EA17916E94A4783E59B8C /* [CP] Embed Pods Frameworks */ = {
			isa = PBXShellScriptBuildPhase;
			buildActionMask = 2147483647;
			files = (
			);
			inputFileListPaths = (
				"${PODS_ROOT}/Target Support Files/Pods-AddReactNativeDemo/Pods-AddReactNativeDemo-frameworks-${CONFIGURATION}-input-files.xcfilelist",
			);
			name = "[CP] Embed Pods Frameworks";
			outputFileListPaths = (
				"${PODS_ROOT}/Target Support Files/Pods-AddReactNativeDemo/Pods-AddReactNativeDemo-frameworks-${CONFIGURATION}-output-files.xcfilelist",
			);
			runOnlyForDeploymentPostprocessing = 0;
			shellPath = /bin/sh;
			shellScript = "\"${PODS_ROOT}/Target Support Files/Pods-AddReactNativeDemo/Pods-AddReactNativeDemo-frameworks.sh\"\n";
			showEnvVarsInLog = 0;
		};
		54CA57246CFCCF8E977A2BEB /* [CP] Check Pods Manifest.lock */ = {
			isa = PBXShellScriptBuildPhase;
			buildActionMask = 2147483647;
			files = (
			);
			inputFileListPaths = (
			);
			inputPaths = (
				"${PODS_PODFILE_DIR_PATH}/Podfile.lock",
				"${PODS_ROOT}/Manifest.lock",
			);
			name = "[CP] Check Pods Manifest.lock";
			outputFileListPaths = (
			);
			outputPaths = (
				"$(DERIVED_FILE_DIR)/Pods-AddReactNativeDemo-checkManifestLockResult.txt",
			);
			runOnlyForDeploymentPostprocessing = 0;
			shellPath = /bin/sh;
			shellScript = "diff \"${PODS_PODFILE_DIR_PATH}/Podfile.lock\" \"${PODS_ROOT}/Manifest.lock\" > /dev/null\nif [ $? != 0 ] ; then\n    # print error to STDERR\n    echo \"error: The sandbox is not in sync with the Podfile.lock. Run 'pod install' or update your CocoaPods installation.\" >&2\n    exit 1\nfi\n# This output is used by Xcode 'outputs' to avoid re-running this script phase.\necho \"SUCCESS\" > \"${SCRIPT_OUTPUT_FILE_0}\"\n";
			showEnvVarsInLog = 0;
		};
		B68C786BFD2ACA63B9B9B085 /* [CP] Copy Pods Resources */ = {
			isa = PBXShellScriptBuildPhase;
			buildActionMask = 2147483647;
			files = (
			);
			inputFileListPaths = (
				"${PODS_ROOT}/Target Support Files/Pods-AddReactNativeDemo/Pods-AddReactNativeDemo-resources-${CONFIGURATION}-input-files.xcfilelist",
			);
			name = "[CP] Copy Pods Resources";
			outputFileListPaths = (
				"${PODS_ROOT}/Target Support Files/Pods-AddReactNativeDemo/Pods-AddReactNativeDemo-resources-${CONFIGURATION}-output-files.xcfilelist",
			);
			runOnlyForDeploymentPostprocessing = 0;
			shellPath = /bin/sh;
			shellScript = "\"${PODS_ROOT}/Target Support Files/Pods-AddReactNativeDemo/Pods-AddReactNativeDemo-resources.sh\"\n";
			showEnvVarsInLog = 0;
		};
/* End PBXShellScriptBuildPhase section */

/* Begin PBXSourcesBuildPhase section */
		584192AA2911ABE3009EDE2A /* Sources */ = {
			isa = PBXSourcesBuildPhase;
			buildActionMask = 2147483647;
			files = (
				584192B62911ABE3009EDE2A /* NativeViewController.swift in Sources */,
				584192C62911AD9B009EDE2A /* ReactNativeViewController.swift in Sources */,
				584192B22911ABE3009EDE2A /* AppDelegate.swift in Sources */,
			);
			runOnlyForDeploymentPostprocessing = 0;
		};
/* End PBXSourcesBuildPhase section */

/* Begin PBXVariantGroup section */
		584192B72911ABE3009EDE2A /* Main.storyboard */ = {
			isa = PBXVariantGroup;
			children = (
				584192B82911ABE3009EDE2A /* Base */,
			);
			name = Main.storyboard;
			sourceTree = "<group>";
		};
		584192BC2911ABE5009EDE2A /* LaunchScreen.storyboard */ = {
			isa = PBXVariantGroup;
			children = (
				584192BD2911ABE5009EDE2A /* Base */,
			);
			name = LaunchScreen.storyboard;
			sourceTree = "<group>";
		};
/* End PBXVariantGroup section */

/* Begin XCBuildConfiguration section */
		584192C02911ABE5009EDE2A /* Debug */ = {
			isa = XCBuildConfiguration;
			buildSettings = {
				ALWAYS_SEARCH_USER_PATHS = NO;
				CLANG_ANALYZER_NONNULL = YES;
				CLANG_ANALYZER_NUMBER_OBJECT_CONVERSION = YES_AGGRESSIVE;
				CLANG_CXX_LANGUAGE_STANDARD = "gnu++20";
				CLANG_ENABLE_MODULES = YES;
				CLANG_ENABLE_OBJC_ARC = YES;
				CLANG_ENABLE_OBJC_WEAK = YES;
				CLANG_WARN_BLOCK_CAPTURE_AUTORELEASING = YES;
				CLANG_WARN_BOOL_CONVERSION = YES;
				CLANG_WARN_COMMA = YES;
				CLANG_WARN_CONSTANT_CONVERSION = YES;
				CLANG_WARN_DEPRECATED_OBJC_IMPLEMENTATIONS = YES;
				CLANG_WARN_DIRECT_OBJC_ISA_USAGE = YES_ERROR;
				CLANG_WARN_DOCUMENTATION_COMMENTS = YES;
				CLANG_WARN_EMPTY_BODY = YES;
				CLANG_WARN_ENUM_CONVERSION = YES;
				CLANG_WARN_INFINITE_RECURSION = YES;
				CLANG_WARN_INT_CONVERSION = YES;
				CLANG_WARN_NON_LITERAL_NULL_CONVERSION = YES;
				CLANG_WARN_OBJC_IMPLICIT_RETAIN_SELF = YES;
				CLANG_WARN_OBJC_LITERAL_CONVERSION = YES;
				CLANG_WARN_OBJC_ROOT_CLASS = YES_ERROR;
				CLANG_WARN_QUOTED_INCLUDE_IN_FRAMEWORK_HEADER = YES;
				CLANG_WARN_RANGE_LOOP_ANALYSIS = YES;
				CLANG_WARN_STRICT_PROTOTYPES = YES;
				CLANG_WARN_SUSPICIOUS_MOVE = YES;
				CLANG_WARN_UNGUARDED_AVAILABILITY = YES_AGGRESSIVE;
				CLANG_WARN_UNREACHABLE_CODE = YES;
				CLANG_WARN__DUPLICATE_METHOD_MATCH = YES;
				COPY_PHASE_STRIP = NO;
				DEBUG_INFORMATION_FORMAT = dwarf;
				ENABLE_STRICT_OBJC_MSGSEND = YES;
				ENABLE_TESTABILITY = YES;
				GCC_C_LANGUAGE_STANDARD = gnu11;
				GCC_DYNAMIC_NO_PIC = NO;
				GCC_NO_COMMON_BLOCKS = YES;
				GCC_OPTIMIZATION_LEVEL = 0;
				GCC_PREPROCESSOR_DEFINITIONS = (
					"DEBUG=1",
					"$(inherited)",
				);
				GCC_WARN_64_TO_32_BIT_CONVERSION = YES;
				GCC_WARN_ABOUT_RETURN_TYPE = YES_ERROR;
				GCC_WARN_UNDECLARED_SELECTOR = YES;
				GCC_WARN_UNINITIALIZED_AUTOS = YES_AGGRESSIVE;
				GCC_WARN_UNUSED_FUNCTION = YES;
				GCC_WARN_UNUSED_VARIABLE = YES;
				IPHONEOS_DEPLOYMENT_TARGET = 13.0;
				MTL_ENABLE_DEBUG_INFO = INCLUDE_SOURCE;
				MTL_FAST_MATH = YES;
				ONLY_ACTIVE_ARCH = YES;
				SDKROOT = iphoneos;
				SWIFT_ACTIVE_COMPILATION_CONDITIONS = DEBUG;
				SWIFT_OPTIMIZATION_LEVEL = "-Onone";
			};
			name = Debug;
		};
		584192C12911ABE5009EDE2A /* Release */ = {
			isa = XCBuildConfiguration;
			buildSettings = {
				ALWAYS_SEARCH_USER_PATHS = NO;
				CLANG_ANALYZER_NONNULL = YES;
				CLANG_ANALYZER_NUMBER_OBJECT_CONVERSION = YES_AGGRESSIVE;
				CLANG_CXX_LANGUAGE_STANDARD = "gnu++20";
				CLANG_ENABLE_MODULES = YES;
				CLANG_ENABLE_OBJC_ARC = YES;
				CLANG_ENABLE_OBJC_WEAK = YES;
				CLANG_WARN_BLOCK_CAPTURE_AUTORELEASING = YES;
				CLANG_WARN_BOOL_CONVERSION = YES;
				CLANG_WARN_COMMA = YES;
				CLANG_WARN_CONSTANT_CONVERSION = YES;
				CLANG_WARN_DEPRECATED_OBJC_IMPLEMENTATIONS = YES;
				CLANG_WARN_DIRECT_OBJC_ISA_USAGE = YES_ERROR;
				CLANG_WARN_DOCUMENTATION_COMMENTS = YES;
				CLANG_WARN_EMPTY_BODY = YES;
				CLANG_WARN_ENUM_CONVERSION = YES;
				CLANG_WARN_INFINITE_RECURSION = YES;
				CLANG_WARN_INT_CONVERSION = YES;
				CLANG_WARN_NON_LITERAL_NULL_CONVERSION = YES;
				CLANG_WARN_OBJC_IMPLICIT_RETAIN_SELF = YES;
				CLANG_WARN_OBJC_LITERAL_CONVERSION = YES;
				CLANG_WARN_OBJC_ROOT_CLASS = YES_ERROR;
				CLANG_WARN_QUOTED_INCLUDE_IN_FRAMEWORK_HEADER = YES;
				CLANG_WARN_RANGE_LOOP_ANALYSIS = YES;
				CLANG_WARN_STRICT_PROTOTYPES = YES;
				CLANG_WARN_SUSPICIOUS_MOVE = YES;
				CLANG_WARN_UNGUARDED_AVAILABILITY = YES_AGGRESSIVE;
				CLANG_WARN_UNREACHABLE_CODE = YES;
				CLANG_WARN__DUPLICATE_METHOD_MATCH = YES;
				COPY_PHASE_STRIP = NO;
				DEBUG_INFORMATION_FORMAT = "dwarf-with-dsym";
				ENABLE_NS_ASSERTIONS = NO;
				ENABLE_STRICT_OBJC_MSGSEND = YES;
				GCC_C_LANGUAGE_STANDARD = gnu11;
				GCC_NO_COMMON_BLOCKS = YES;
				GCC_WARN_64_TO_32_BIT_CONVERSION = YES;
				GCC_WARN_ABOUT_RETURN_TYPE = YES_ERROR;
				GCC_WARN_UNDECLARED_SELECTOR = YES;
				GCC_WARN_UNINITIALIZED_AUTOS = YES_AGGRESSIVE;
				GCC_WARN_UNUSED_FUNCTION = YES;
				GCC_WARN_UNUSED_VARIABLE = YES;
				IPHONEOS_DEPLOYMENT_TARGET = 13.0;
				MTL_ENABLE_DEBUG_INFO = NO;
				MTL_FAST_MATH = YES;
				SDKROOT = iphoneos;
				SWIFT_COMPILATION_MODE = wholemodule;
				SWIFT_OPTIMIZATION_LEVEL = "-O";
				VALIDATE_PRODUCT = YES;
			};
			name = Release;
		};
		584192C32911ABE5009EDE2A /* Debug */ = {
			isa = XCBuildConfiguration;
			baseConfigurationReference = CBDE56A87F5271166CA7DF20 /* Pods-AddReactNativeDemo.debug.xcconfig */;
			buildSettings = {
				ASSETCATALOG_COMPILER_APPICON_NAME = AppIcon;
				ASSETCATALOG_COMPILER_GLOBAL_ACCENT_COLOR_NAME = AccentColor;
				CODE_SIGN_STYLE = Automatic;
				CURRENT_PROJECT_VERSION = 1;
				GENERATE_INFOPLIST_FILE = YES;
				INFOPLIST_FILE = AddReactNativeDemo/Info.plist;
				INFOPLIST_KEY_UIApplicationSupportsIndirectInputEvents = YES;
				INFOPLIST_KEY_UILaunchStoryboardName = LaunchScreen;
				INFOPLIST_KEY_UIMainStoryboardFile = Main;
				INFOPLIST_KEY_UISupportedInterfaceOrientations_iPad = "UIInterfaceOrientationPortrait UIInterfaceOrientationPortraitUpsideDown UIInterfaceOrientationLandscapeLeft UIInterfaceOrientationLandscapeRight";
				INFOPLIST_KEY_UISupportedInterfaceOrientations_iPhone = "UIInterfaceOrientationPortrait UIInterfaceOrientationLandscapeLeft UIInterfaceOrientationLandscapeRight";
				LD_RUNPATH_SEARCH_PATHS = (
					"$(inherited)",
					"@executable_path/Frameworks",
				);
				MARKETING_VERSION = 1.0;
				PRODUCT_BUNDLE_IDENTIFIER = dev.dcaraujo.AddReactNativeDemo;
				PRODUCT_NAME = "$(TARGET_NAME)";
				SWIFT_EMIT_LOC_STRINGS = YES;
				SWIFT_VERSION = 5.0;
				TARGETED_DEVICE_FAMILY = "1,2";
			};
			name = Debug;
		};
		584192C42911ABE5009EDE2A /* Release */ = {
			isa = XCBuildConfiguration;
			baseConfigurationReference = 47E778A502FDB22F6CA1FFEC /* Pods-AddReactNativeDemo.release.xcconfig */;
			buildSettings = {
				ASSETCATALOG_COMPILER_APPICON_NAME = AppIcon;
				ASSETCATALOG_COMPILER_GLOBAL_ACCENT_COLOR_NAME = AccentColor;
				CODE_SIGN_STYLE = Automatic;
				CURRENT_PROJECT_VERSION = 1;
				GENERATE_INFOPLIST_FILE = YES;
				INFOPLIST_FILE = AddReactNativeDemo/Info.plist;
				INFOPLIST_KEY_UIApplicationSupportsIndirectInputEvents = YES;
				INFOPLIST_KEY_UILaunchStoryboardName = LaunchScreen;
				INFOPLIST_KEY_UIMainStoryboardFile = Main;
				INFOPLIST_KEY_UISupportedInterfaceOrientations_iPad = "UIInterfaceOrientationPortrait UIInterfaceOrientationPortraitUpsideDown UIInterfaceOrientationLandscapeLeft UIInterfaceOrientationLandscapeRight";
				INFOPLIST_KEY_UISupportedInterfaceOrientations_iPhone = "UIInterfaceOrientationPortrait UIInterfaceOrientationLandscapeLeft UIInterfaceOrientationLandscapeRight";
				LD_RUNPATH_SEARCH_PATHS = (
					"$(inherited)",
					"@executable_path/Frameworks",
				);
				MARKETING_VERSION = 1.0;
				PRODUCT_BUNDLE_IDENTIFIER = dev.dcaraujo.AddReactNativeDemo;
				PRODUCT_NAME = "$(TARGET_NAME)";
				SWIFT_EMIT_LOC_STRINGS = YES;
				SWIFT_VERSION = 5.0;
				TARGETED_DEVICE_FAMILY = "1,2";
			};
			name = Release;
		};
/* End XCBuildConfiguration section */

/* Begin XCConfigurationList section */
		584192A92911ABE3009EDE2A /* Build configuration list for PBXProject "AddReactNativeDemo" */ = {
			isa = XCConfigurationList;
			buildConfigurations = (
				584192C02911ABE5009EDE2A /* Debug */,
				584192C12911ABE5009EDE2A /* Release */,
			);
			defaultConfigurationIsVisible = 0;
			defaultConfigurationName = Release;
		};
		584192C22911ABE5009EDE2A /* Build configuration list for PBXNativeTarget "AddReactNativeDemo" */ = {
			isa = XCConfigurationList;
			buildConfigurations = (
				584192C32911ABE5009EDE2A /* Debug */,
				584192C42911ABE5009EDE2A /* Release */,
			);
			defaultConfigurationIsVisible = 0;
			defaultConfigurationName = Release;
		};
/* End XCConfigurationList section */
	};
	rootObject = 584192A62911ABE3009EDE2A /* Project object */;
}
